
Microsoft Visual Studio Solution File, Format Version 12.00
# Visual Studio Version 17
VisualStudioVersion = 17.5.33530.505
MinimumVisualStudioVersion = 10.0.40219.1
Project("{FAE04EC0-301F-11D3-BF4B-00C04F79EFBC}") = "AnalisarVirusCOVID_H1N1", "AnalisarVirusCOVID_H1N1\AnalisarVirusCOVID_H1N1.csproj", "{49421414-E163-4B11-94DC-3AE57621E98D}"
EndProject
Global
	GlobalSection(SolutionConfigurationPlatforms) = preSolution
		Debug|Any CPU = Debug|Any CPU
		Release|Any CPU = Release|Any CPU
	EndGlobalSection
	GlobalSection(ProjectConfigurationPlatforms) = postSolution
		{49421414-E163-4B11-94DC-3AE57621E98D}.Debug|Any CPU.ActiveCfg = Debug|Any CPU
		{49421414-E163-4B11-94DC-3AE57621E98D}.Debug|Any CPU.Build.0 = Debug|Any CPU
		{49421414-E163-4B11-94DC-3AE57621E98D}.Release|Any CPU.ActiveCfg = Release|Any CPU
		{49421414-E163-4B11-94DC-3AE57621E98D}.Release|Any CPU.Build.0 = Release|Any CPU
	EndGlobalSection
	GlobalSection(SolutionProperties) = preSolution
		HideSolutionNode = FALSE
	EndGlobalSection
	GlobalSection(ExtensibilityGlobals) = postSolution
		SolutionGuid = {B1BA0AE0-E358-48F4-ABD5-51BF4A3009C1}
	EndGlobalSection
EndGlobal
