
Microsoft Visual Studio Solution File, Format Version 12.00
# Visual Studio Version 17
VisualStudioVersion = 17.5.33530.505
MinimumVisualStudioVersion = 10.0.40219.1
Project("{9A19103F-16F7-4668-BE54-9A1E7A4F7556}") = "ControleDeImpressoes", "ConsoleApp8\ControleDeImpressoes.csproj", "{B791161F-9F0F-4CCF-A042-3F87ABE332F6}"
EndProject
Global
	GlobalSection(SolutionConfigurationPlatforms) = preSolution
		Debug|Any CPU = Debug|Any CPU
		Release|Any CPU = Release|Any CPU
	EndGlobalSection
	GlobalSection(ProjectConfigurationPlatforms) = postSolution
		{B791161F-9F0F-4CCF-A042-3F87ABE332F6}.Debug|Any CPU.ActiveCfg = Debug|Any CPU
		{B791161F-9F0F-4CCF-A042-3F87ABE332F6}.Debug|Any CPU.Build.0 = Debug|Any CPU
		{B791161F-9F0F-4CCF-A042-3F87ABE332F6}.Release|Any CPU.ActiveCfg = Release|Any CPU
		{B791161F-9F0F-4CCF-A042-3F87ABE332F6}.Release|Any CPU.Build.0 = Release|Any CPU
	EndGlobalSection
	GlobalSection(SolutionProperties) = preSolution
		HideSolutionNode = FALSE
	EndGlobalSection
	GlobalSection(ExtensibilityGlobals) = postSolution
		SolutionGuid = {304181F9-C6E1-475C-9F45-84ECF5D9AD02}
	EndGlobalSection
EndGlobal
